
Microsoft Visual Studio Solution File, Format Version 12.00
# Visual Studio Version 16
VisualStudioVersion = 16.0.29215.179
MinimumVisualStudioVersion = 10.0.40219.1
Project("{FAE04EC0-301F-11D3-BF4B-00C04F79EFBC}") = "MySpectrum", "MySpectrum\MySpectrum.csproj", "{35D585DF-8CAF-4741-81FC-538FA7A80DFC}"
EndProject
Global
	GlobalSection(SolutionConfigurationPlatforms) = preSolution
		Debug|Any CPU = Debug|Any CPU
		Release|Any CPU = Release|Any CPU
	EndGlobalSection
	GlobalSection(ProjectConfigurationPlatforms) = postSolution
		{35D585DF-8CAF-4741-81FC-538FA7A80DFC}.Debug|Any CPU.ActiveCfg = Debug|Any CPU
		{35D585DF-8CAF-4741-81FC-538FA7A80DFC}.Debug|Any CPU.Build.0 = Debug|Any CPU
		{35D585DF-8CAF-4741-81FC-538FA7A80DFC}.Debug|Any CPU.Deploy.0 = Debug|Any CPU
		{35D585DF-8CAF-4741-81FC-538FA7A80DFC}.Release|Any CPU.ActiveCfg = Release|Any CPU
		{35D585DF-8CAF-4741-81FC-538FA7A80DFC}.Release|Any CPU.Build.0 = Release|Any CPU
		{35D585DF-8CAF-4741-81FC-538FA7A80DFC}.Release|Any CPU.Deploy.0 = Release|Any CPU
	EndGlobalSection
	GlobalSection(SolutionProperties) = preSolution
		HideSolutionNode = FALSE
	EndGlobalSection
	GlobalSection(ExtensibilityGlobals) = postSolution
		SolutionGuid = {1BCDD6DD-AA58-4A51-AC6C-43AEF94C2B4C}
	EndGlobalSection
EndGlobal
